
Microsoft Visual Studio Solution File, Format Version 12.00
# Visual Studio 15
Project("{FAE04EC0-301F-11D3-BF4B-00C04F79EFBC}") = "Unity.AI.Navigation.Samples", "Unity.AI.Navigation.Samples.csproj", "{00A1CA4B-DA86-3054-0E54-083939BD261D}"
EndProject
Project("{FAE04EC0-301F-11D3-BF4B-00C04F79EFBC}") = "Assembly-CSharp-Editor", "Assembly-CSharp-Editor.csproj", "{928A29AF-3883-E334-D8AF-BEFEA4195613}"
EndProject
Project("{FAE04EC0-301F-11D3-BF4B-00C04F79EFBC}") = "Assembly-CSharp", "Assembly-CSharp.csproj", "{4DFABA07-9842-F2CD-434E-4DF612692C24}"
EndProject
Project("{FAE04EC0-301F-11D3-BF4B-00C04F79EFBC}") = "CSG", "CSG.csproj", "{A311FDC2-339F-E3E8-CF37-35A808D59F0F}"
EndProject
Project("{FAE04EC0-301F-11D3-BF4B-00C04F79EFBC}") = "Unity.AI.Navigation.Samples.Initialization.Editor", "Unity.AI.Navigation.Samples.Initialization.Editor.csproj", "{01910F77-9FFA-0529-5537-F87FF63D6044}"
EndProject
Global
	GlobalSection(SolutionConfigurationPlatforms) = preSolution
		Debug|Any CPU = Debug|Any CPU
		Release|Any CPU = Release|Any CPU
	EndGlobalSection
	GlobalSection(ProjectConfigurationPlatforms) = postSolution
		{00A1CA4B-DA86-3054-0E54-083939BD261D}.Debug|Any CPU.ActiveCfg = Debug|Any CPU
		{00A1CA4B-DA86-3054-0E54-083939BD261D}.Debug|Any CPU.Build.0 = Debug|Any CPU
		{00A1CA4B-DA86-3054-0E54-083939BD261D}.Release|Any CPU.ActiveCfg = Release|Any CPU
		{00A1CA4B-DA86-3054-0E54-083939BD261D}.Release|Any CPU.Build.0 = Release|Any CPU
		{928A29AF-3883-E334-D8AF-BEFEA4195613}.Debug|Any CPU.ActiveCfg = Debug|Any CPU
		{928A29AF-3883-E334-D8AF-BEFEA4195613}.Debug|Any CPU.Build.0 = Debug|Any CPU
		{928A29AF-3883-E334-D8AF-BEFEA4195613}.Release|Any CPU.ActiveCfg = Release|Any CPU
		{928A29AF-3883-E334-D8AF-BEFEA4195613}.Release|Any CPU.Build.0 = Release|Any CPU
		{4DFABA07-9842-F2CD-434E-4DF612692C24}.Debug|Any CPU.ActiveCfg = Debug|Any CPU
		{4DFABA07-9842-F2CD-434E-4DF612692C24}.Debug|Any CPU.Build.0 = Debug|Any CPU
		{4DFABA07-9842-F2CD-434E-4DF612692C24}.Release|Any CPU.ActiveCfg = Release|Any CPU
		{4DFABA07-9842-F2CD-434E-4DF612692C24}.Release|Any CPU.Build.0 = Release|Any CPU
		{A311FDC2-339F-E3E8-CF37-35A808D59F0F}.Debug|Any CPU.ActiveCfg = Debug|Any CPU
		{A311FDC2-339F-E3E8-CF37-35A808D59F0F}.Debug|Any CPU.Build.0 = Debug|Any CPU
		{A311FDC2-339F-E3E8-CF37-35A808D59F0F}.Release|Any CPU.ActiveCfg = Release|Any CPU
		{A311FDC2-339F-E3E8-CF37-35A808D59F0F}.Release|Any CPU.Build.0 = Release|Any CPU
		{01910F77-9FFA-0529-5537-F87FF63D6044}.Debug|Any CPU.ActiveCfg = Debug|Any CPU
		{01910F77-9FFA-0529-5537-F87FF63D6044}.Debug|Any CPU.Build.0 = Debug|Any CPU
		{01910F77-9FFA-0529-5537-F87FF63D6044}.Release|Any CPU.ActiveCfg = Release|Any CPU
		{01910F77-9FFA-0529-5537-F87FF63D6044}.Release|Any CPU.Build.0 = Release|Any CPU
	EndGlobalSection
	GlobalSection(SolutionProperties) = preSolution
		HideSolutionNode = FALSE
	EndGlobalSection
EndGlobal
